
Microsoft Visual Studio Solution File, Format Version 12.00
# Visual Studio Version 17
VisualStudioVersion = 17.12.35506.116
MinimumVisualStudioVersion = 10.0.40219.1
Project("{FAE04EC0-301F-11D3-BF4B-00C04F79EFBC}") = "EmployeeVoter", "EmployeeVoter.csproj", "{04468102-D7CC-4992-9F99-8F2383C408B9}"
EndProject
Project("{FAE04EC0-301F-11D3-BF4B-00C04F79EFBC}") = "EmployeeVoter.Tests", "..\EmployeeVoter.Tests\EmployeeVoter.Tests.csproj", "{16E65908-C87A-4CE2-B076-2AF791C41470}"
EndProject
Global
	GlobalSection(SolutionConfigurationPlatforms) = preSolution
		Debug|Any CPU = Debug|Any CPU
		Release|Any CPU = Release|Any CPU
	EndGlobalSection
	GlobalSection(ProjectConfigurationPlatforms) = postSolution
		{04468102-D7CC-4992-9F99-8F2383C408B9}.Debug|Any CPU.ActiveCfg = Debug|Any CPU
		{04468102-D7CC-4992-9F99-8F2383C408B9}.Debug|Any CPU.Build.0 = Debug|Any CPU
		{04468102-D7CC-4992-9F99-8F2383C408B9}.Release|Any CPU.ActiveCfg = Release|Any CPU
		{04468102-D7CC-4992-9F99-8F2383C408B9}.Release|Any CPU.Build.0 = Release|Any CPU
		{16E65908-C87A-4CE2-B076-2AF791C41470}.Debug|Any CPU.ActiveCfg = Debug|Any CPU
		{16E65908-C87A-4CE2-B076-2AF791C41470}.Debug|Any CPU.Build.0 = Debug|Any CPU
		{16E65908-C87A-4CE2-B076-2AF791C41470}.Release|Any CPU.ActiveCfg = Release|Any CPU
		{16E65908-C87A-4CE2-B076-2AF791C41470}.Release|Any CPU.Build.0 = Release|Any CPU
	EndGlobalSection
	GlobalSection(SolutionProperties) = preSolution
		HideSolutionNode = FALSE
	EndGlobalSection
EndGlobal
